
Microsoft Visual Studio Solution File, Format Version 10.00
# Visual Studio 2008
Project("{8BC9CEB8-8B4A-11D0-8D11-00A0C91BC942}") = "bule", "bule\bule.vcproj", "{28D42C47-5D92-4082-A4A4-468810C289AD}"
EndProject
Global
	GlobalSection(SubversionScc) = preSolution
		Svn-Managed = True
		Manager = AnkhSVN - Subversion Support for Visual Studio
	EndGlobalSection
	GlobalSection(SolutionConfigurationPlatforms) = preSolution
		Debug|Win32 = Debug|Win32
		Release|Win32 = Release|Win32
	EndGlobalSection
	GlobalSection(ProjectConfigurationPlatforms) = postSolution
		{28D42C47-5D92-4082-A4A4-468810C289AD}.Debug|Win32.ActiveCfg = Debug|Win32
		{28D42C47-5D92-4082-A4A4-468810C289AD}.Debug|Win32.Build.0 = Debug|Win32
		{28D42C47-5D92-4082-A4A4-468810C289AD}.Release|Win32.ActiveCfg = Release|Win32
		{28D42C47-5D92-4082-A4A4-468810C289AD}.Release|Win32.Build.0 = Release|Win32
	EndGlobalSection
	GlobalSection(SolutionProperties) = preSolution
		HideSolutionNode = FALSE
	EndGlobalSection
EndGlobal
